// !$*UTF8*$!
{
	archiveVersion = 1;
	classes = {
	};
	objectVersion = 56;
	objects = {

/* Begin PBXBuildFile section */
		ADA58D9995EE43259975F35B /* ExitStructuredProductForm.swift in Sources */ = {isa = PBXBuildFile; fileRef = 15AD1791809E445FA3FC08FB /* ExitStructuredProductForm.swift */; };
		C8A1B9B72C23456789ABCDEF /* InvestmentDashboardApp.swift in Sources */ = {isa = PBXBuildFile; fileRef = C8A1B9B62C23456789ABCDEF /* InvestmentDashboardApp.swift */; };
		C8A1B9B92C23456789ABCDEF /* ContentView.swift in Sources */ = {isa = PBXBuildFile; fileRef = C8A1B9B82C23456789ABCDEF /* ContentView.swift */; };
		C8A1B9BB2C23456789ABCDEF /* Assets.xcassets in Resources */ = {isa = PBXBuildFile; fileRef = C8A1B9BA2C23456789ABCDEF /* Assets.xcassets */; };
		C8A1B9BE2C23456789ABCDEF /* Preview Assets.xcassets in Resources */ = {isa = PBXBuildFile; fileRef = C8A1B9BD2C23456789ABCDEF /* Preview Assets.xcassets */; };
		C8A1B9C52C23456789ABCDEF /* Client.swift in Sources */ = {isa = PBXBuildFile; fileRef = C8A1B9C42C23456789ABCDEF /* Client.swift */; };
		C8A1B9C72C23456789ABCDEF /* MonthlyAssetRecord.swift in Sources */ = {isa = PBXBuildFile; fileRef = C8A1B9C62C23456789ABCDEF /* MonthlyAssetRecord.swift */; };
		C8A1B9C92C23456789ABCDEF /* CalculatedMetrics.swift in Sources */ = {isa = PBXBuildFile; fileRef = C8A1B9C82C23456789ABCDEF /* CalculatedMetrics.swift */; };
		C8A1B9CB2C23456789ABCDEF /* CloudKitService.swift in Sources */ = {isa = PBXBuildFile; fileRef = C8A1B9CA2C23456789ABCDEF /* CloudKitService.swift */; };
		C8A1B9CD2C23456789ABCDEF /* CalculationService.swift in Sources */ = {isa = PBXBuildFile; fileRef = C8A1B9CC2C23456789ABCDEF /* CalculationService.swift */; };
		C8A1B9CF2C23456789ABCDEF /* ClientViewModel.swift in Sources */ = {isa = PBXBuildFile; fileRef = C8A1B9CE2C23456789ABCDEF /* ClientViewModel.swift */; };
		C8A1B9D12C23456789ABCDEF /* BasicClientPickerView.swift in Sources */ = {isa = PBXBuildFile; fileRef = C8A1B9D02C23456789ABCDEF /* BasicClientPickerView.swift */; };
		C8E9E704BBE641DF846FA0A1 /* StructuredProduct.swift in Sources */ = {isa = PBXBuildFile; fileRef = 1EB274CEC7F14468AD43BDD3 /* StructuredProduct.swift */; };
/* End PBXBuildFile section */

/* Begin PBXFileReference section */
		15AD1791809E445FA3FC08FB /* ExitStructuredProductForm.swift */ = {isa = PBXFileReference; lastKnownFileType = sourcecode.swift; path = ExitStructuredProductForm.swift; sourceTree = "<group>"; };
		1EB274CEC7F14468AD43BDD3 /* StructuredProduct.swift */ = {isa = PBXFileReference; lastKnownFileType = sourcecode.swift; path = StructuredProduct.swift; sourceTree = "<group>"; };
		799508FB2E7905E5008D9475 /* InvestmentDashboard.entitlements */ = {isa = PBXFileReference; lastKnownFileType = text.plist.entitlements; path = InvestmentDashboard.entitlements; sourceTree = "<group>"; };
		C8A1B9B32C23456789ABCDEF /* InvestmentDashboard.app */ = {isa = PBXFileReference; explicitFileType = wrapper.application; includeInIndex = 0; path = InvestmentDashboard.app; sourceTree = BUILT_PRODUCTS_DIR; };
		C8A1B9B62C23456789ABCDEF /* InvestmentDashboardApp.swift */ = {isa = PBXFileReference; lastKnownFileType = sourcecode.swift; path = InvestmentDashboardApp.swift; sourceTree = "<group>"; };
		C8A1B9B82C23456789ABCDEF /* ContentView.swift */ = {isa = PBXFileReference; lastKnownFileType = sourcecode.swift; path = ContentView.swift; sourceTree = "<group>"; };
		C8A1B9BA2C23456789ABCDEF /* Assets.xcassets */ = {isa = PBXFileReference; lastKnownFileType = folder.assetcatalog; path = Assets.xcassets; sourceTree = "<group>"; };
		C8A1B9BD2C23456789ABCDEF /* Preview Assets.xcassets */ = {isa = PBXFileReference; lastKnownFileType = folder.assetcatalog; path = "Preview Assets.xcassets"; sourceTree = "<group>"; };
		C8A1B9C42C23456789ABCDEF /* Client.swift */ = {isa = PBXFileReference; lastKnownFileType = sourcecode.swift; path = Client.swift; sourceTree = "<group>"; };
		C8A1B9C62C23456789ABCDEF /* MonthlyAssetRecord.swift */ = {isa = PBXFileReference; lastKnownFileType = sourcecode.swift; path = MonthlyAssetRecord.swift; sourceTree = "<group>"; };
		C8A1B9C82C23456789ABCDEF /* CalculatedMetrics.swift */ = {isa = PBXFileReference; lastKnownFileType = sourcecode.swift; path = CalculatedMetrics.swift; sourceTree = "<group>"; };
		C8A1B9CA2C23456789ABCDEF /* CloudKitService.swift */ = {isa = PBXFileReference; lastKnownFileType = sourcecode.swift; path = CloudKitService.swift; sourceTree = "<group>"; };
		C8A1B9CC2C23456789ABCDEF /* CalculationService.swift */ = {isa = PBXFileReference; lastKnownFileType = sourcecode.swift; path = CalculationService.swift; sourceTree = "<group>"; };
		C8A1B9CE2C23456789ABCDEF /* ClientViewModel.swift */ = {isa = PBXFileReference; lastKnownFileType = sourcecode.swift; path = ClientViewModel.swift; sourceTree = "<group>"; };
		C8A1B9D02C23456789ABCDEF /* BasicClientPickerView.swift */ = {isa = PBXFileReference; lastKnownFileType = sourcecode.swift; path = BasicClientPickerView.swift; sourceTree = "<group>"; };
		C8A1B9D22C23456789ABCDEF /* Info.plist */ = {isa = PBXFileReference; lastKnownFileType = text.plist.xml; path = Info.plist; sourceTree = "<group>"; };
/* End PBXFileReference section */

/* Begin PBXFrameworksBuildPhase section */
		C8A1B9B02C23456789ABCDEF /* Frameworks */ = {
			isa = PBXFrameworksBuildPhase;
			buildActionMask = 2147483647;
			files = (
			);
			runOnlyForDeploymentPostprocessing = 0;
		};
/* End PBXFrameworksBuildPhase section */

/* Begin PBXGroup section */
		8662CAA15FC4491392A26A96 /* Forms */ = {
			isa = PBXGroup;
			children = (
				15AD1791809E445FA3FC08FB /* ExitStructuredProductForm.swift */,
			);
			path = Forms;
			sourceTree = "<group>";
		};
		C8A1B9AA2C23456789ABCDEF = {
			isa = PBXGroup;
			children = (
				C8A1B9B52C23456789ABCDEF /* InvestmentDashboard */,
				C8A1B9B42C23456789ABCDEF /* Products */,
			);
			sourceTree = "<group>";
		};
		C8A1B9B42C23456789ABCDEF /* Products */ = {
			isa = PBXGroup;
			children = (
				C8A1B9B32C23456789ABCDEF /* InvestmentDashboard.app */,
			);
			name = Products;
			sourceTree = "<group>";
		};
		C8A1B9B52C23456789ABCDEF /* InvestmentDashboard */ = {
			isa = PBXGroup;
			children = (
				799508FB2E7905E5008D9475 /* InvestmentDashboard.entitlements */,
				C8A1B9B62C23456789ABCDEF /* InvestmentDashboardApp.swift */,
				C8A1B9B82C23456789ABCDEF /* ContentView.swift */,
				C8A1B9D32C23456789ABCDEF /* Models */,
				C8A1B9D42C23456789ABCDEF /* Services */,
				C8A1B9D52C23456789ABCDEF /* ViewModels */,
				C8A1B9D62C23456789ABCDEF /* Views */,
				C8A1B9BA2C23456789ABCDEF /* Assets.xcassets */,
				C8A1B9D22C23456789ABCDEF /* Info.plist */,
				C8A1B9BC2C23456789ABCDEF /* Preview Content */,
			);
			path = InvestmentDashboard;
			sourceTree = "<group>";
		};
		C8A1B9BC2C23456789ABCDEF /* Preview Content */ = {
			isa = PBXGroup;
			children = (
				C8A1B9BD2C23456789ABCDEF /* Preview Assets.xcassets */,
			);
			path = "Preview Content";
			sourceTree = "<group>";
		};
		C8A1B9D32C23456789ABCDEF /* Models */ = {
			isa = PBXGroup;
			children = (
				C8A1B9C42C23456789ABCDEF /* Client.swift */,
				C8A1B9C62C23456789ABCDEF /* MonthlyAssetRecord.swift */,
				C8A1B9C82C23456789ABCDEF /* CalculatedMetrics.swift */,
				1EB274CEC7F14468AD43BDD3 /* StructuredProduct.swift */,
			);
			path = Models;
			sourceTree = "<group>";
		};
		C8A1B9D42C23456789ABCDEF /* Services */ = {
			isa = PBXGroup;
			children = (
				C8A1B9CA2C23456789ABCDEF /* CloudKitService.swift */,
				C8A1B9CC2C23456789ABCDEF /* CalculationService.swift */,
			);
			path = Services;
			sourceTree = "<group>";
		};
		C8A1B9D52C23456789ABCDEF /* ViewModels */ = {
			isa = PBXGroup;
			children = (
				C8A1B9CE2C23456789ABCDEF /* ClientViewModel.swift */,
			);
			path = ViewModels;
			sourceTree = "<group>";
		};
		C8A1B9D62C23456789ABCDEF /* Views */ = {
			isa = PBXGroup;
			children = (
				C8A1B9D72C23456789ABCDEF /* ClientSelection */,
				8662CAA15FC4491392A26A96 /* Forms */,
			);
			path = Views;
			sourceTree = "<group>";
		};
		C8A1B9D72C23456789ABCDEF /* ClientSelection */ = {
			isa = PBXGroup;
			children = (
				C8A1B9D02C23456789ABCDEF /* BasicClientPickerView.swift */,
			);
			path = ClientSelection;
			sourceTree = "<group>";
		};
/* End PBXGroup section */

/* Begin PBXNativeTarget section */
		C8A1B9B22C23456789ABCDEF /* InvestmentDashboard */ = {
			isa = PBXNativeTarget;
			buildConfigurationList = C8A1B9C12C23456789ABCDEF /* Build configuration list for PBXNativeTarget "InvestmentDashboard" */;
			buildPhases = (
				C8A1B9AF2C23456789ABCDEF /* Sources */,
				C8A1B9B02C23456789ABCDEF /* Frameworks */,
				C8A1B9B12C23456789ABCDEF /* Resources */,
			);
			buildRules = (
			);
			dependencies = (
			);
			name = InvestmentDashboard;
			productName = InvestmentDashboard;
			productReference = C8A1B9B32C23456789ABCDEF /* InvestmentDashboard.app */;
			productType = "com.apple.product-type.application";
		};
/* End PBXNativeTarget section */

/* Begin PBXProject section */
		C8A1B9AB2C23456789ABCDEF /* Project object */ = {
			isa = PBXProject;
			attributes = {
				BuildIndependentTargetsInParallel = 1;
				LastSwiftUpdateCheck = 1500;
				LastUpgradeCheck = 1500;
				TargetAttributes = {
					C8A1B9B22C23456789ABCDEF = {
						CreatedOnToolsVersion = 15.0;
					};
				};
			};
			buildConfigurationList = C8A1B9AE2C23456789ABCDEF /* Build configuration list for PBXProject "InvestmentDashboard" */;
			compatibilityVersion = "Xcode 14.0";
			developmentRegion = en;
			hasScannedForEncodings = 0;
			knownRegions = (
				en,
				Base,
			);
			mainGroup = C8A1B9AA2C23456789ABCDEF;
			productRefGroup = C8A1B9B42C23456789ABCDEF /* Products */;
			projectDirPath = "";
			projectRoot = "";
			targets = (
				C8A1B9B22C23456789ABCDEF /* InvestmentDashboard */,
			);
		};
/* End PBXProject section */

/* Begin PBXResourcesBuildPhase section */
		C8A1B9B12C23456789ABCDEF /* Resources */ = {
			isa = PBXResourcesBuildPhase;
			buildActionMask = 2147483647;
			files = (
				C8A1B9BE2C23456789ABCDEF /* Preview Assets.xcassets in Resources */,
				C8A1B9BB2C23456789ABCDEF /* Assets.xcassets in Resources */,
			);
			runOnlyForDeploymentPostprocessing = 0;
		};
/* End PBXResourcesBuildPhase section */

/* Begin PBXSourcesBuildPhase section */
		C8A1B9AF2C23456789ABCDEF /* Sources */ = {
			isa = PBXSourcesBuildPhase;
			buildActionMask = 2147483647;
			files = (
				C8A1B9C52C23456789ABCDEF /* Client.swift in Sources */,
				C8A1B9C72C23456789ABCDEF /* MonthlyAssetRecord.swift in Sources */,
				C8A1B9C92C23456789ABCDEF /* CalculatedMetrics.swift in Sources */,
				C8A1B9CB2C23456789ABCDEF /* CloudKitService.swift in Sources */,
				C8A1B9CD2C23456789ABCDEF /* CalculationService.swift in Sources */,
				C8A1B9CF2C23456789ABCDEF /* ClientViewModel.swift in Sources */,
				C8A1B9D12C23456789ABCDEF /* BasicClientPickerView.swift in Sources */,
				C8A1B9B92C23456789ABCDEF /* ContentView.swift in Sources */,
				C8A1B9B72C23456789ABCDEF /* InvestmentDashboardApp.swift in Sources */,
				C8E9E704BBE641DF846FA0A1 /* StructuredProduct.swift in Sources */,
				ADA58D9995EE43259975F35B /* ExitStructuredProductForm.swift in Sources */,
			);
			runOnlyForDeploymentPostprocessing = 0;
		};
/* End PBXSourcesBuildPhase section */

/* Begin XCBuildConfiguration section */
		C8A1B9BF2C23456789ABCDEF /* Debug */ = {
			isa = XCBuildConfiguration;
			buildSettings = {
				ALWAYS_SEARCH_USER_PATHS = NO;
				ASSETCATALOG_COMPILER_GENERATE_SWIFT_ASSET_SYMBOL_EXTENSIONS = YES;
				CLANG_ANALYZER_NONNULL = YES;
				CLANG_ANALYZER_NUMBER_OBJECT_CONVERSION = YES_AGGRESSIVE;
				CLANG_CXX_LANGUAGE_STANDARD = "gnu++20";
				CLANG_ENABLE_MODULES = YES;
				CLANG_ENABLE_OBJC_ARC = YES;
				CLANG_ENABLE_OBJC_WEAK = YES;
				CLANG_WARN_BLOCK_CAPTURE_AUTORELEASING = YES;
				CLANG_WARN_BOOL_CONVERSION = YES;
				CLANG_WARN_COMMA = YES;
				CLANG_WARN_CONSTANT_CONVERSION = YES;
				CLANG_WARN_DEPRECATED_OBJC_IMPLEMENTATIONS = YES;
				CLANG_WARN_DIRECT_OBJC_ISA_USAGE = YES_ERROR;
				CLANG_WARN_DOCUMENTATION_COMMENTS = YES;
				CLANG_WARN_EMPTY_BODY = YES;
				CLANG_WARN_ENUM_CONVERSION = YES;
				CLANG_WARN_INFINITE_RECURSION = YES;
				CLANG_WARN_INT_CONVERSION = YES;
				CLANG_WARN_NON_LITERAL_NULL_CONVERSION = YES;
				CLANG_WARN_OBJC_IMPLICIT_RETAIN_SELF = YES;
				CLANG_WARN_OBJC_LITERAL_CONVERSION = YES;
				CLANG_WARN_OBJC_ROOT_CLASS = YES_ERROR;
				CLANG_WARN_QUOTED_INCLUDE_IN_FRAMEWORK_HEADER = YES;
				CLANG_WARN_RANGE_LOOP_ANALYSIS = YES;
				CLANG_WARN_STRICT_PROTOTYPES = YES;
				CLANG_WARN_SUSPICIOUS_MOVE = YES;
				CLANG_WARN_UNGUARDED_AVAILABILITY = YES_AGGRESSIVE;
				CLANG_WARN_UNREACHABLE_CODE = YES;
				CLANG_WARN__DUPLICATE_METHOD_MATCH = YES;
				COPY_PHASE_STRIP = NO;
				DEBUG_INFORMATION_FORMAT = dwarf;
				ENABLE_STRICT_OBJC_MSGSEND = YES;
				ENABLE_TESTABILITY = YES;
				ENABLE_USER_SCRIPT_SANDBOXING = YES;
				GCC_C_LANGUAGE_STANDARD = gnu17;
				GCC_DYNAMIC_NO_PIC = NO;
				GCC_NO_COMMON_BLOCKS = YES;
				GCC_OPTIMIZATION_LEVEL = 0;
				GCC_PREPROCESSOR_DEFINITIONS = (
					"DEBUG=1",
					"$(inherited)",
				);
				GCC_WARN_64_TO_32_BIT_CONVERSION = YES;
				GCC_WARN_ABOUT_RETURN_TYPE = YES_ERROR;
				GCC_WARN_UNDECLARED_SELECTOR = YES;
				GCC_WARN_UNINITIALIZED_AUTOS = YES_AGGRESSIVE;
				GCC_WARN_UNUSED_FUNCTION = YES;
				GCC_WARN_UNUSED_VARIABLE = YES;
				IPHONEOS_DEPLOYMENT_TARGET = 16.0;
				LOCALIZATION_PREFERS_STRING_CATALOGS = YES;
				MTL_ENABLE_DEBUG_INFO = INCLUDE_SOURCE;
				MTL_FAST_MATH = YES;
				ONLY_ACTIVE_ARCH = YES;
				SDKROOT = iphoneos;
				SWIFT_ACTIVE_COMPILATION_CONDITIONS = "DEBUG $(inherited)";
				SWIFT_OPTIMIZATION_LEVEL = "-Onone";
			};
			name = Debug;
		};
		C8A1B9C02C23456789ABCDEF /* Release */ = {
			isa = XCBuildConfiguration;
			buildSettings = {
				ALWAYS_SEARCH_USER_PATHS = NO;
				ASSETCATALOG_COMPILER_GENERATE_SWIFT_ASSET_SYMBOL_EXTENSIONS = YES;
				CLANG_ANALYZER_NONNULL = YES;
				CLANG_ANALYZER_NUMBER_OBJECT_CONVERSION = YES_AGGRESSIVE;
				CLANG_CXX_LANGUAGE_STANDARD = "gnu++20";
				CLANG_ENABLE_MODULES = YES;
				CLANG_ENABLE_OBJC_ARC = YES;
				CLANG_ENABLE_OBJC_WEAK = YES;
				CLANG_WARN_BLOCK_CAPTURE_AUTORELEASING = YES;
				CLANG_WARN_BOOL_CONVERSION = YES;
				CLANG_WARN_COMMA = YES;
				CLANG_WARN_CONSTANT_CONVERSION = YES;
				CLANG_WARN_DEPRECATED_OBJC_IMPLEMENTATIONS = YES;
				CLANG_WARN_DIRECT_OBJC_ISA_USAGE = YES_ERROR;
				CLANG_WARN_DOCUMENTATION_COMMENTS = YES;
				CLANG_WARN_EMPTY_BODY = YES;
				CLANG_WARN_ENUM_CONVERSION = YES;
				CLANG_WARN_INFINITE_RECURSION = YES;
				CLANG_WARN_INT_CONVERSION = YES;
				CLANG_WARN_NON_LITERAL_NULL_CONVERSION = YES;
				CLANG_WARN_OBJC_IMPLICIT_RETAIN_SELF = YES;
				CLANG_WARN_OBJC_LITERAL_CONVERSION = YES;
				CLANG_WARN_OBJC_ROOT_CLASS = YES_ERROR;
				CLANG_WARN_QUOTED_INCLUDE_IN_FRAMEWORK_HEADER = YES;
				CLANG_WARN_RANGE_LOOP_ANALYSIS = YES;
				CLANG_WARN_STRICT_PROTOTYPES = YES;
				CLANG_WARN_SUSPICIOUS_MOVE = YES;
				CLANG_WARN_UNGUARDED_AVAILABILITY = YES_AGGRESSIVE;
				CLANG_WARN_UNREACHABLE_CODE = YES;
				CLANG_WARN__DUPLICATE_METHOD_MATCH = YES;
				COPY_PHASE_STRIP = NO;
				DEBUG_INFORMATION_FORMAT = "dwarf-with-dsym";
				ENABLE_NS_ASSERTIONS = NO;
				ENABLE_STRICT_OBJC_MSGSEND = YES;
				ENABLE_USER_SCRIPT_SANDBOXING = YES;
				GCC_C_LANGUAGE_STANDARD = gnu17;
				GCC_NO_COMMON_BLOCKS = YES;
				GCC_WARN_64_TO_32_BIT_CONVERSION = YES;
				GCC_WARN_ABOUT_RETURN_TYPE = YES_ERROR;
				GCC_WARN_UNDECLARED_SELECTOR = YES;
				GCC_WARN_UNINITIALIZED_AUTOS = YES_AGGRESSIVE;
				GCC_WARN_UNUSED_FUNCTION = YES;
				GCC_WARN_UNUSED_VARIABLE = YES;
				IPHONEOS_DEPLOYMENT_TARGET = 16.0;
				LOCALIZATION_PREFERS_STRING_CATALOGS = YES;
				MTL_ENABLE_DEBUG_INFO = NO;
				MTL_FAST_MATH = YES;
				SDKROOT = iphoneos;
				SWIFT_COMPILATION_MODE = wholemodule;
				VALIDATE_PRODUCT = YES;
			};
			name = Release;
		};
		C8A1B9C22C23456789ABCDEF /* Debug */ = {
			isa = XCBuildConfiguration;
			buildSettings = {
				ASSETCATALOG_COMPILER_APPICON_NAME = AppIcon;
				ASSETCATALOG_COMPILER_GLOBAL_ACCENT_COLOR_NAME = AccentColor;
				CODE_SIGN_ENTITLEMENTS = InvestmentDashboard/InvestmentDashboard.entitlements;
				CODE_SIGN_STYLE = Automatic;
				CURRENT_PROJECT_VERSION = 1;
				DEVELOPMENT_ASSET_PATHS = "\"InvestmentDashboard/Preview Content\"";
				DEVELOPMENT_TEAM = V43868D94M;
				ENABLE_PREVIEWS = YES;
				GENERATE_INFOPLIST_FILE = NO;
				INFOPLIST_FILE = InvestmentDashboard/Info.plist;
				INFOPLIST_KEY_CFBundleDisplayName = "投資儀表板";
				INFOPLIST_KEY_UIApplicationSceneManifest_Generation = YES;
				INFOPLIST_KEY_UIApplicationSupportsIndirectInputEvents = YES;
				INFOPLIST_KEY_UILaunchScreen_Generation = YES;
				INFOPLIST_KEY_UISupportedInterfaceOrientations = "UIInterfaceOrientationPortrait UIInterfaceOrientationPortraitUpsideDown UIInterfaceOrientationLandscapeLeft UIInterfaceOrientationLandscapeRight";
				INFOPLIST_KEY_UISupportedInterfaceOrientations_iPad = "UIInterfaceOrientationPortrait UIInterfaceOrientationPortraitUpsideDown UIInterfaceOrientationLandscapeLeft UIInterfaceOrientationLandscapeRight";
				INFOPLIST_KEY_UISupportedInterfaceOrientations_iPhone = "UIInterfaceOrientationPortrait UIInterfaceOrientationLandscapeLeft UIInterfaceOrientationLandscapeRight";
				LD_RUNPATH_SEARCH_PATHS = (
					"$(inherited)",
					"@executable_path/Frameworks",
				);
				MARKETING_VERSION = 1.0;
				PRODUCT_BUNDLE_IDENTIFIER = com.owen.InvestmentDashboard;
				PRODUCT_NAME = "$(TARGET_NAME)";
				SWIFT_EMIT_LOC_STRINGS = YES;
				SWIFT_VERSION = 5.9;
				TARGETED_DEVICE_FAMILY = "1,2";
			};
			name = Debug;
		};
		C8A1B9C32C23456789ABCDEF /* Release */ = {
			isa = XCBuildConfiguration;
			buildSettings = {
				ASSETCATALOG_COMPILER_APPICON_NAME = AppIcon;
				ASSETCATALOG_COMPILER_GLOBAL_ACCENT_COLOR_NAME = AccentColor;
				CODE_SIGN_ENTITLEMENTS = InvestmentDashboard/InvestmentDashboard.entitlements;
				CODE_SIGN_STYLE = Automatic;
				CURRENT_PROJECT_VERSION = 1;
				DEVELOPMENT_ASSET_PATHS = "\"InvestmentDashboard/Preview Content\"";
				DEVELOPMENT_TEAM = V43868D94M;
				ENABLE_PREVIEWS = YES;
				GENERATE_INFOPLIST_FILE = NO;
				INFOPLIST_FILE = InvestmentDashboard/Info.plist;
				INFOPLIST_KEY_CFBundleDisplayName = "投資儀表板";
				INFOPLIST_KEY_UIApplicationSceneManifest_Generation = YES;
				INFOPLIST_KEY_UIApplicationSupportsIndirectInputEvents = YES;
				INFOPLIST_KEY_UILaunchScreen_Generation = YES;
				INFOPLIST_KEY_UISupportedInterfaceOrientations = "UIInterfaceOrientationPortrait UIInterfaceOrientationPortraitUpsideDown UIInterfaceOrientationLandscapeLeft UIInterfaceOrientationLandscapeRight";
				INFOPLIST_KEY_UISupportedInterfaceOrientations_iPad = "UIInterfaceOrientationPortrait UIInterfaceOrientationPortraitUpsideDown UIInterfaceOrientationLandscapeLeft UIInterfaceOrientationLandscapeRight";
				INFOPLIST_KEY_UISupportedInterfaceOrientations_iPhone = "UIInterfaceOrientationPortrait UIInterfaceOrientationLandscapeLeft UIInterfaceOrientationLandscapeRight";
				LD_RUNPATH_SEARCH_PATHS = (
					"$(inherited)",
					"@executable_path/Frameworks",
				);
				MARKETING_VERSION = 1.0;
				PRODUCT_BUNDLE_IDENTIFIER = com.owen.InvestmentDashboard;
				PRODUCT_NAME = "$(TARGET_NAME)";
				SWIFT_EMIT_LOC_STRINGS = YES;
				SWIFT_VERSION = 5.9;
				TARGETED_DEVICE_FAMILY = "1,2";
			};
			name = Release;
		};
/* End XCBuildConfiguration section */

/* Begin XCConfigurationList section */
		C8A1B9AE2C23456789ABCDEF /* Build configuration list for PBXProject "InvestmentDashboard" */ = {
			isa = XCConfigurationList;
			buildConfigurations = (
				C8A1B9BF2C23456789ABCDEF /* Debug */,
				C8A1B9C02C23456789ABCDEF /* Release */,
			);
			defaultConfigurationIsVisible = 0;
			defaultConfigurationName = Release;
		};
		C8A1B9C12C23456789ABCDEF /* Build configuration list for PBXNativeTarget "InvestmentDashboard" */ = {
			isa = XCConfigurationList;
			buildConfigurations = (
				C8A1B9C22C23456789ABCDEF /* Debug */,
				C8A1B9C32C23456789ABCDEF /* Release */,
			);
			defaultConfigurationIsVisible = 0;
			defaultConfigurationName = Release;
		};
/* End XCConfigurationList section */
	};
	rootObject = C8A1B9AB2C23456789ABCDEF /* Project object */;
}
